# This file is automatically @generated by Cargo.
# It is not intended for manual editing.
version = 3

[[package]]
name = "arrayvec"
version = "0.7.4"
source = "registry+https://github.com/rust-lang/crates.io-index"
checksum = "96d30a06541fbafbc7f82ed10c06164cfbd2c401138f6addd8404629c4b16711"

[[package]]
name = "controller"
version = "0.1.0"

[[package]]
name = "iterator"
version = "0.1.0"

[[package]]
name = "planner"
version = "0.1.0"
dependencies = [
 "rsruckig",
]

[[package]]
name = "robot_platform"
version = "0.1.0"
dependencies = [
 "controller",
 "iterator",
 "planner",
 "solver",
]

[[package]]
name = "rsruckig"
version = "1.1.3"
source = "registry+https://github.com/rust-lang/crates.io-index"
checksum = "e1c0d9a6f3c051e4644e6b85f9df8d326a1c128dfcb31b66f62a7a2638cb553f"
dependencies = [
 "arrayvec",
]

[[package]]
name = "solver"
version = "0.1.0"
