# This file is automatically @generated by Cargo.
# It is not intended for manual editing.
version = 3

[[package]]
name = "controller"
version = "0.1.0"

[[package]]
name = "iterator"
version = "0.1.0"

[[package]]
name = "planner"
version = "0.1.0"

[[package]]
name = "robot_platform"
version = "0.1.0"
dependencies = [
 "controller",
 "iterator",
 "planner",
]
